
Microsoft Visual Studio Solution File, Format Version 12.00
# Visual Studio 2013
VisualStudioVersion = 12.0.31101.0
MinimumVisualStudioVersion = 10.0.40219.1
Project("{FAE04EC0-301F-11D3-BF4B-00C04F79EFBC}") = "CSHARP.Text", "CSHARP.Text.csproj", "{E7BC1D0D-34CC-4D16-913A-C4558A62DB46}"
EndProject
Global
	GlobalSection(SolutionConfigurationPlatforms) = preSolution
		Debug|Any CPU = Debug|Any CPU
		Release|Any CPU = Release|Any CPU
	EndGlobalSection
	GlobalSection(ProjectConfigurationPlatforms) = postSolution
		{E7BC1D0D-34CC-4D16-913A-C4558A62DB46}.Debug|Any CPU.ActiveCfg = Debug|Any CPU
		{E7BC1D0D-34CC-4D16-913A-C4558A62DB46}.Debug|Any CPU.Build.0 = Debug|Any CPU
		{E7BC1D0D-34CC-4D16-913A-C4558A62DB46}.Release|Any CPU.ActiveCfg = Release|Any CPU
		{E7BC1D0D-34CC-4D16-913A-C4558A62DB46}.Release|Any CPU.Build.0 = Release|Any CPU
	EndGlobalSection
	GlobalSection(SolutionProperties) = preSolution
		HideSolutionNode = FALSE
	EndGlobalSection
EndGlobal
